
Microsoft Visual Studio Solution File, Format Version 12.00
# Visual Studio Version 16
VisualStudioVersion = 16.0.31205.134
MinimumVisualStudioVersion = 10.0.40219.1
Project("{9A19103F-16F7-4668-BE54-9A1E7A4F7556}") = "LightningAlert", "LightningAlert\LightningAlert.csproj", "{5EF4C437-B96D-4A26-82C7-0E7213C76620}"
EndProject
Project("{FAE04EC0-301F-11D3-BF4B-00C04F79EFBC}") = "LightningAlert.UnitTests", "LightningAlert.UnitTests\LightningAlert.UnitTests.csproj", "{EF6E8CC5-6E96-4FF1-8821-EE6E1D0B98AF}"
EndProject
Global
	GlobalSection(SolutionConfigurationPlatforms) = preSolution
		Debug|Any CPU = Debug|Any CPU
		Release|Any CPU = Release|Any CPU
	EndGlobalSection
	GlobalSection(ProjectConfigurationPlatforms) = postSolution
		{5EF4C437-B96D-4A26-82C7-0E7213C76620}.Debug|Any CPU.ActiveCfg = Debug|Any CPU
		{5EF4C437-B96D-4A26-82C7-0E7213C76620}.Debug|Any CPU.Build.0 = Debug|Any CPU
		{5EF4C437-B96D-4A26-82C7-0E7213C76620}.Release|Any CPU.ActiveCfg = Release|Any CPU
		{5EF4C437-B96D-4A26-82C7-0E7213C76620}.Release|Any CPU.Build.0 = Release|Any CPU
		{EF6E8CC5-6E96-4FF1-8821-EE6E1D0B98AF}.Debug|Any CPU.ActiveCfg = Debug|Any CPU
		{EF6E8CC5-6E96-4FF1-8821-EE6E1D0B98AF}.Debug|Any CPU.Build.0 = Debug|Any CPU
		{EF6E8CC5-6E96-4FF1-8821-EE6E1D0B98AF}.Release|Any CPU.ActiveCfg = Release|Any CPU
		{EF6E8CC5-6E96-4FF1-8821-EE6E1D0B98AF}.Release|Any CPU.Build.0 = Release|Any CPU
	EndGlobalSection
	GlobalSection(SolutionProperties) = preSolution
		HideSolutionNode = FALSE
	EndGlobalSection
	GlobalSection(ExtensibilityGlobals) = postSolution
		SolutionGuid = {7DCD9FFF-D33B-4E08-B474-88EE26FF6FBF}
	EndGlobalSection
EndGlobal
